<?xml version="1.0" encoding="UTF-8"?>
<Scheme
   version = "1.3">
   <BuildAction>
      <BuildActionEntries>
         <BuildActionEntry
            buildForRunning = "YES">
            <BuildableReference
               BuildableIdentifier = "primary"
               BlueprintIdentifier = "6AD80B86235A0EF7009D9986"
               BuildableName = "StanforwardStudy.app"
               BlueprintName = "StanforwardStudy"
               ReferencedContainer = "container:StanforwardStudy.xcodeproj">
            </BuildableReference>
         </BuildActionEntry>
      </BuildActionEntries>
   </BuildAction>
   <LaunchAction
      useCustomWorkingDirectory = "NO"
      buildConfiguration = "Debug"
      allowLocationSimulation = "YES">
      <BuildableProductRunnable>
         <BuildableReference
            BuildableIdentifier = "primary"
            BlueprintIdentifier = "6AD80B86235A0EF7009D9986"
            BuildableName = "StanforwardStudy.app"
            BlueprintName = "StanforwardStudy"
            ReferencedContainer = "container:StanforwardStudy.xcodeproj">
         </BuildableReference>
      </BuildableProductRunnable>
   </LaunchAction>
</Scheme>
